PODS:
  - SDWebImage (5.6.0):
    - SDWebImage/Core (= 5.6.0)
  - SDWebImage/Core (5.6.0)

DEPENDENCIES:
  - SDWebImage (~> 5.0)

SPEC REPOS:
  trunk:
    - SDWebImage

SPEC CHECKSUMS:
  SDWebImage: 21b19f56b4226cdfe3aefe4e6848dc43ed129a86

PODFILE CHECKSUM: 1da4359d414483333a64d134971a355e2e0d9069

COCOAPODS: 1.9.0
