// !$*UTF8*$!
{
	archiveVersion = 1;
	classes = {
	};
	objectVersion = 50;
	objects = {

/* Begin PBXBuildFile section */
		DE4BD99C24151CF100089D8A /* AppDelegate.m in Sources */ = {isa = PBXBuildFile; fileRef = DE4BD99B24151CF100089D8A /* AppDelegate.m */; };
		DE4BD9A224151CF100089D8A /* ViewController.m in Sources */ = {isa = PBXBuildFile; fileRef = DE4BD9A124151CF100089D8A /* ViewController.m */; };
		DE4BD9A524151CF100089D8A /* Main.storyboard in Resources */ = {isa = PBXBuildFile; fileRef = DE4BD9A324151CF100089D8A /* Main.storyboard */; };
		DE4BD9A724151CFD00089D8A /* Assets.xcassets in Resources */ = {isa = PBXBuildFile; fileRef = DE4BD9A624151CFD00089D8A /* Assets.xcassets */; };
		DE4BD9AA24151CFD00089D8A /* LaunchScreen.storyboard in Resources */ = {isa = PBXBuildFile; fileRef = DE4BD9A824151CFD00089D8A /* LaunchScreen.storyboard */; };
		DE4BD9AD24151CFD00089D8A /* main.m in Sources */ = {isa = PBXBuildFile; fileRef = DE4BD9AC24151CFD00089D8A /* main.m */; };
		DE4BD9B524151FB400089D8A /* LoginViewController.m in Sources */ = {isa = PBXBuildFile; fileRef = DE4BD9B424151FB400089D8A /* LoginViewController.m */; };
/* End PBXBuildFile section */

/* Begin PBXFileReference section */
		DE4BD99724151CF100089D8A /* LoginPageWithUserDefaults.app */ = {isa = PBXFileReference; explicitFileType = wrapper.application; includeInIndex = 0; path = LoginPageWithUserDefaults.app; sourceTree = BUILT_PRODUCTS_DIR; };
		DE4BD99A24151CF100089D8A /* AppDelegate.h */ = {isa = PBXFileReference; lastKnownFileType = sourcecode.c.h; path = AppDelegate.h; sourceTree = "<group>"; };
		DE4BD99B24151CF100089D8A /* AppDelegate.m */ = {isa = PBXFileReference; lastKnownFileType = sourcecode.c.objc; path = AppDelegate.m; sourceTree = "<group>"; };
		DE4BD9A024151CF100089D8A /* ViewController.h */ = {isa = PBXFileReference; lastKnownFileType = sourcecode.c.h; path = ViewController.h; sourceTree = "<group>"; };
		DE4BD9A124151CF100089D8A /* ViewController.m */ = {isa = PBXFileReference; lastKnownFileType = sourcecode.c.objc; path = ViewController.m; sourceTree = "<group>"; };
		DE4BD9A424151CF100089D8A /* Base */ = {isa = PBXFileReference; lastKnownFileType = file.storyboard; name = Base; path = Base.lproj/Main.storyboard; sourceTree = "<group>"; };
		DE4BD9A624151CFD00089D8A /* Assets.xcassets */ = {isa = PBXFileReference; lastKnownFileType = folder.assetcatalog; path = Assets.xcassets; sourceTree = "<group>"; };
		DE4BD9A924151CFD00089D8A /* Base */ = {isa = PBXFileReference; lastKnownFileType = file.storyboard; name = Base; path = Base.lproj/LaunchScreen.storyboard; sourceTree = "<group>"; };
		DE4BD9AB24151CFD00089D8A /* Info.plist */ = {isa = PBXFileReference; lastKnownFileType = text.plist.xml; path = Info.plist; sourceTree = "<group>"; };
		DE4BD9AC24151CFD00089D8A /* main.m */ = {isa = PBXFileReference; lastKnownFileType = sourcecode.c.objc; path = main.m; sourceTree = "<group>"; };
		DE4BD9B324151FB400089D8A /* LoginViewController.h */ = {isa = PBXFileReference; lastKnownFileType = sourcecode.c.h; path = LoginViewController.h; sourceTree = "<group>"; };
		DE4BD9B424151FB400089D8A /* LoginViewController.m */ = {isa = PBXFileReference; lastKnownFileType = sourcecode.c.objc; path = LoginViewController.m; sourceTree = "<group>"; };
/* End PBXFileReference section */

/* Begin PBXFrameworksBuildPhase section */
		DE4BD99424151CF100089D8A /* Frameworks */ = {
			isa = PBXFrameworksBuildPhase;
			buildActionMask = 2147483647;
			files = (
			);
			runOnlyForDeploymentPostprocessing = 0;
		};
/* End PBXFrameworksBuildPhase section */

/* Begin PBXGroup section */
		DE4BD98E24151CF100089D8A = {
			isa = PBXGroup;
			children = (
				DE4BD99924151CF100089D8A /* LoginPageWithUserDefaults */,
				DE4BD99824151CF100089D8A /* Products */,
			);
			sourceTree = "<group>";
		};
		DE4BD99824151CF100089D8A /* Products */ = {
			isa = PBXGroup;
			children = (
				DE4BD99724151CF100089D8A /* LoginPageWithUserDefaults.app */,
			);
			name = Products;
			sourceTree = "<group>";
		};
		DE4BD99924151CF100089D8A /* LoginPageWithUserDefaults */ = {
			isa = PBXGroup;
			children = (
				DE4BD99A24151CF100089D8A /* AppDelegate.h */,
				DE4BD99B24151CF100089D8A /* AppDelegate.m */,
				DE4BD9A024151CF100089D8A /* ViewController.h */,
				DE4BD9A124151CF100089D8A /* ViewController.m */,
				DE4BD9A324151CF100089D8A /* Main.storyboard */,
				DE4BD9A624151CFD00089D8A /* Assets.xcassets */,
				DE4BD9A824151CFD00089D8A /* LaunchScreen.storyboard */,
				DE4BD9AB24151CFD00089D8A /* Info.plist */,
				DE4BD9AC24151CFD00089D8A /* main.m */,
				DE4BD9B324151FB400089D8A /* LoginViewController.h */,
				DE4BD9B424151FB400089D8A /* LoginViewController.m */,
			);
			path = LoginPageWithUserDefaults;
			sourceTree = "<group>";
		};
/* End PBXGroup section */

/* Begin PBXNativeTarget section */
		DE4BD99624151CF100089D8A /* LoginPageWithUserDefaults */ = {
			isa = PBXNativeTarget;
			buildConfigurationList = DE4BD9B024151CFD00089D8A /* Build configuration list for PBXNativeTarget "LoginPageWithUserDefaults" */;
			buildPhases = (
				DE4BD99324151CF100089D8A /* Sources */,
				DE4BD99424151CF100089D8A /* Frameworks */,
				DE4BD99524151CF100089D8A /* Resources */,
			);
			buildRules = (
			);
			dependencies = (
			);
			name = LoginPageWithUserDefaults;
			productName = LoginPageWithUserDefaults;
			productReference = DE4BD99724151CF100089D8A /* LoginPageWithUserDefaults.app */;
			productType = "com.apple.product-type.application";
		};
/* End PBXNativeTarget section */

/* Begin PBXProject section */
		DE4BD98F24151CF100089D8A /* Project object */ = {
			isa = PBXProject;
			attributes = {
				LastUpgradeCheck = 1130;
				ORGANIZATIONNAME = ITI;
				TargetAttributes = {
					DE4BD99624151CF100089D8A = {
						CreatedOnToolsVersion = 11.3.1;
					};
				};
			};
			buildConfigurationList = DE4BD99224151CF100089D8A /* Build configuration list for PBXProject "LoginPageWithUserDefaults" */;
			compatibilityVersion = "Xcode 9.3";
			developmentRegion = en;
			hasScannedForEncodings = 0;
			knownRegions = (
				en,
				Base,
			);
			mainGroup = DE4BD98E24151CF100089D8A;
			productRefGroup = DE4BD99824151CF100089D8A /* Products */;
			projectDirPath = "";
			projectRoot = "";
			targets = (
				DE4BD99624151CF100089D8A /* LoginPageWithUserDefaults */,
			);
		};
/* End PBXProject section */

/* Begin PBXResourcesBuildPhase section */
		DE4BD99524151CF100089D8A /* Resources */ = {
			isa = PBXResourcesBuildPhase;
			buildActionMask = 2147483647;
			files = (
				DE4BD9AA24151CFD00089D8A /* LaunchScreen.storyboard in Resources */,
				DE4BD9A724151CFD00089D8A /* Assets.xcassets in Resources */,
				DE4BD9A524151CF100089D8A /* Main.storyboard in Resources */,
			);
			runOnlyForDeploymentPostprocessing = 0;
		};
/* End PBXResourcesBuildPhase section */

/* Begin PBXSourcesBuildPhase section */
		DE4BD99324151CF100089D8A /* Sources */ = {
			isa = PBXSourcesBuildPhase;
			buildActionMask = 2147483647;
			files = (
				DE4BD9A224151CF100089D8A /* ViewController.m in Sources */,
				DE4BD99C24151CF100089D8A /* AppDelegate.m in Sources */,
				DE4BD9AD24151CFD00089D8A /* main.m in Sources */,
				DE4BD9B524151FB400089D8A /* LoginViewController.m in Sources */,
			);
			runOnlyForDeploymentPostprocessing = 0;
		};
/* End PBXSourcesBuildPhase section */

/* Begin PBXVariantGroup section */
		DE4BD9A324151CF100089D8A /* Main.storyboard */ = {
			isa = PBXVariantGroup;
			children = (
				DE4BD9A424151CF100089D8A /* Base */,
			);
			name = Main.storyboard;
			sourceTree = "<group>";
		};
		DE4BD9A824151CFD00089D8A /* LaunchScreen.storyboard */ = {
			isa = PBXVariantGroup;
			children = (
				DE4BD9A924151CFD00089D8A /* Base */,
			);
			name = LaunchScreen.storyboard;
			sourceTree = "<group>";
		};
/* End PBXVariantGroup section */

/* Begin XCBuildConfiguration section */
		DE4BD9AE24151CFD00089D8A /* Debug */ = {
			isa = XCBuildConfiguration;
			buildSettings = {
				ALWAYS_SEARCH_USER_PATHS = NO;
				CLANG_ANALYZER_NONNULL = YES;
				CLANG_ANALYZER_NUMBER_OBJECT_CONVERSION = YES_AGGRESSIVE;
				CLANG_CXX_LANGUAGE_STANDARD = "gnu++14";
				CLANG_CXX_LIBRARY = "libc++";
				CLANG_ENABLE_MODULES = YES;
				CLANG_ENABLE_OBJC_ARC = YES;
				CLANG_ENABLE_OBJC_WEAK = YES;
				CLANG_WARN_BLOCK_CAPTURE_AUTORELEASING = YES;
				CLANG_WARN_BOOL_CONVERSION = YES;
				CLANG_WARN_COMMA = YES;
				CLANG_WARN_CONSTANT_CONVERSION = YES;
				CLANG_WARN_DEPRECATED_OBJC_IMPLEMENTATIONS = YES;
				CLANG_WARN_DIRECT_OBJC_ISA_USAGE = YES_ERROR;
				CLANG_WARN_DOCUMENTATION_COMMENTS = YES;
				CLANG_WARN_EMPTY_BODY = YES;
				CLANG_WARN_ENUM_CONVERSION = YES;
				CLANG_WARN_INFINITE_RECURSION = YES;
				CLANG_WARN_INT_CONVERSION = YES;
				CLANG_WARN_NON_LITERAL_NULL_CONVERSION = YES;
				CLANG_WARN_OBJC_IMPLICIT_RETAIN_SELF = YES;
				CLANG_WARN_OBJC_LITERAL_CONVERSION = YES;
				CLANG_WARN_OBJC_ROOT_CLASS = YES_ERROR;
				CLANG_WARN_RANGE_LOOP_ANALYSIS = YES;
				CLANG_WARN_STRICT_PROTOTYPES = YES;
				CLANG_WARN_SUSPICIOUS_MOVE = YES;
				CLANG_WARN_UNGUARDED_AVAILABILITY = YES_AGGRESSIVE;
				CLANG_WARN_UNREACHABLE_CODE = YES;
				CLANG_WARN__DUPLICATE_METHOD_MATCH = YES;
				COPY_PHASE_STRIP = NO;
				DEBUG_INFORMATION_FORMAT = dwarf;
				ENABLE_STRICT_OBJC_MSGSEND = YES;
				ENABLE_TESTABILITY = YES;
				GCC_C_LANGUAGE_STANDARD = gnu11;
				GCC_DYNAMIC_NO_PIC = NO;
				GCC_NO_COMMON_BLOCKS = YES;
				GCC_OPTIMIZATION_LEVEL = 0;
				GCC_PREPROCESSOR_DEFINITIONS = (
					"DEBUG=1",
					"$(inherited)",
				);
				GCC_WARN_64_TO_32_BIT_CONVERSION = YES;
				GCC_WARN_ABOUT_RETURN_TYPE = YES_ERROR;
				GCC_WARN_UNDECLARED_SELECTOR = YES;
				GCC_WARN_UNINITIALIZED_AUTOS = YES_AGGRESSIVE;
				GCC_WARN_UNUSED_FUNCTION = YES;
				GCC_WARN_UNUSED_VARIABLE = YES;
				IPHONEOS_DEPLOYMENT_TARGET = 13.2;
				MTL_ENABLE_DEBUG_INFO = INCLUDE_SOURCE;
				MTL_FAST_MATH = YES;
				ONLY_ACTIVE_ARCH = YES;
				SDKROOT = iphoneos;
			};
			name = Debug;
		};
		DE4BD9AF24151CFD00089D8A /* Release */ = {
			isa = XCBuildConfiguration;
			buildSettings = {
				ALWAYS_SEARCH_USER_PATHS = NO;
				CLANG_ANALYZER_NONNULL = YES;
				CLANG_ANALYZER_NUMBER_OBJECT_CONVERSION = YES_AGGRESSIVE;
				CLANG_CXX_LANGUAGE_STANDARD = "gnu++14";
				CLANG_CXX_LIBRARY = "libc++";
				CLANG_ENABLE_MODULES = YES;
				CLANG_ENABLE_OBJC_ARC = YES;
				CLANG_ENABLE_OBJC_WEAK = YES;
				CLANG_WARN_BLOCK_CAPTURE_AUTORELEASING = YES;
				CLANG_WARN_BOOL_CONVERSION = YES;
				CLANG_WARN_COMMA = YES;
				CLANG_WARN_CONSTANT_CONVERSION = YES;
				CLANG_WARN_DEPRECATED_OBJC_IMPLEMENTATIONS = YES;
				CLANG_WARN_DIRECT_OBJC_ISA_USAGE = YES_ERROR;
				CLANG_WARN_DOCUMENTATION_COMMENTS = YES;
				CLANG_WARN_EMPTY_BODY = YES;
				CLANG_WARN_ENUM_CONVERSION = YES;
				CLANG_WARN_INFINITE_RECURSION = YES;
				CLANG_WARN_INT_CONVERSION = YES;
				CLANG_WARN_NON_LITERAL_NULL_CONVERSION = YES;
				CLANG_WARN_OBJC_IMPLICIT_RETAIN_SELF = YES;
				CLANG_WARN_OBJC_LITERAL_CONVERSION = YES;
				CLANG_WARN_OBJC_ROOT_CLASS = YES_ERROR;
				CLANG_WARN_RANGE_LOOP_ANALYSIS = YES;
				CLANG_WARN_STRICT_PROTOTYPES = YES;
				CLANG_WARN_SUSPICIOUS_MOVE = YES;
				CLANG_WARN_UNGUARDED_AVAILABILITY = YES_AGGRESSIVE;
				CLANG_WARN_UNREACHABLE_CODE = YES;
				CLANG_WARN__DUPLICATE_METHOD_MATCH = YES;
				COPY_PHASE_STRIP = NO;
				DEBUG_INFORMATION_FORMAT = "dwarf-with-dsym";
				ENABLE_NS_ASSERTIONS = NO;
				ENABLE_STRICT_OBJC_MSGSEND = YES;
				GCC_C_LANGUAGE_STANDARD = gnu11;
				GCC_NO_COMMON_BLOCKS = YES;
				GCC_WARN_64_TO_32_BIT_CONVERSION = YES;
				GCC_WARN_ABOUT_RETURN_TYPE = YES_ERROR;
				GCC_WARN_UNDECLARED_SELECTOR = YES;
				GCC_WARN_UNINITIALIZED_AUTOS = YES_AGGRESSIVE;
				GCC_WARN_UNUSED_FUNCTION = YES;
				GCC_WARN_UNUSED_VARIABLE = YES;
				IPHONEOS_DEPLOYMENT_TARGET = 13.2;
				MTL_ENABLE_DEBUG_INFO = NO;
				MTL_FAST_MATH = YES;
				SDKROOT = iphoneos;
				VALIDATE_PRODUCT = YES;
			};
			name = Release;
		};
		DE4BD9B124151CFD00089D8A /* Debug */ = {
			isa = XCBuildConfiguration;
			buildSettings = {
				ASSETCATALOG_COMPILER_APPICON_NAME = AppIcon;
				CODE_SIGN_STYLE = Automatic;
				DEVELOPMENT_TEAM = 4G79WD29XT;
				INFOPLIST_FILE = LoginPageWithUserDefaults/Info.plist;
				LD_RUNPATH_SEARCH_PATHS = (
					"$(inherited)",
					"@executable_path/Frameworks",
				);
				PRODUCT_BUNDLE_IDENTIFIER = Manar.LoginPageWithUserDefaults;
				PRODUCT_NAME = "$(TARGET_NAME)";
				TARGETED_DEVICE_FAMILY = "1,2";
			};
			name = Debug;
		};
		DE4BD9B224151CFD00089D8A /* Release */ = {
			isa = XCBuildConfiguration;
			buildSettings = {
				ASSETCATALOG_COMPILER_APPICON_NAME = AppIcon;
				CODE_SIGN_STYLE = Automatic;
				DEVELOPMENT_TEAM = 4G79WD29XT;
				INFOPLIST_FILE = LoginPageWithUserDefaults/Info.plist;
				LD_RUNPATH_SEARCH_PATHS = (
					"$(inherited)",
					"@executable_path/Frameworks",
				);
				PRODUCT_BUNDLE_IDENTIFIER = Manar.LoginPageWithUserDefaults;
				PRODUCT_NAME = "$(TARGET_NAME)";
				TARGETED_DEVICE_FAMILY = "1,2";
			};
			name = Release;
		};
/* End XCBuildConfiguration section */

/* Begin XCConfigurationList section */
		DE4BD99224151CF100089D8A /* Build configuration list for PBXProject "LoginPageWithUserDefaults" */ = {
			isa = XCConfigurationList;
			buildConfigurations = (
				DE4BD9AE24151CFD00089D8A /* Debug */,
				DE4BD9AF24151CFD00089D8A /* Release */,
			);
			defaultConfigurationIsVisible = 0;
			defaultConfigurationName = Release;
		};
		DE4BD9B024151CFD00089D8A /* Build configuration list for PBXNativeTarget "LoginPageWithUserDefaults" */ = {
			isa = XCConfigurationList;
			buildConfigurations = (
				DE4BD9B124151CFD00089D8A /* Debug */,
				DE4BD9B224151CFD00089D8A /* Release */,
			);
			defaultConfigurationIsVisible = 0;
			defaultConfigurationName = Release;
		};
/* End XCConfigurationList section */
	};
	rootObject = DE4BD98F24151CF100089D8A /* Project object */;
}
