// !$*UTF8*$!
{
	archiveVersion = 1;
	classes = {
	};
	objectVersion = 50;
	objects = {

/* Begin PBXBuildFile section */
		DE5B67242416489F00A84F14 /* AppDelegate.m in Sources */ = {isa = PBXBuildFile; fileRef = DE5B67232416489F00A84F14 /* AppDelegate.m */; };
		DE5B67272416489F00A84F14 /* SceneDelegate.m in Sources */ = {isa = PBXBuildFile; fileRef = DE5B67262416489F00A84F14 /* SceneDelegate.m */; };
		DE5B672A2416489F00A84F14 /* ViewController.m in Sources */ = {isa = PBXBuildFile; fileRef = DE5B67292416489F00A84F14 /* ViewController.m */; };
		DE5B672D2416489F00A84F14 /* Main.storyboard in Resources */ = {isa = PBXBuildFile; fileRef = DE5B672B2416489F00A84F14 /* Main.storyboard */; };
		DE5B672F241648B000A84F14 /* Assets.xcassets in Resources */ = {isa = PBXBuildFile; fileRef = DE5B672E241648B000A84F14 /* Assets.xcassets */; };
		DE5B6732241648B000A84F14 /* LaunchScreen.storyboard in Resources */ = {isa = PBXBuildFile; fileRef = DE5B6730241648B000A84F14 /* LaunchScreen.storyboard */; };
		DE5B6735241648B000A84F14 /* main.m in Sources */ = {isa = PBXBuildFile; fileRef = DE5B6734241648B000A84F14 /* main.m */; };
/* End PBXBuildFile section */

/* Begin PBXFileReference section */
		DE5B671F2416489F00A84F14 /* BallBounceAnimator.app */ = {isa = PBXFileReference; explicitFileType = wrapper.application; includeInIndex = 0; path = BallBounceAnimator.app; sourceTree = BUILT_PRODUCTS_DIR; };
		DE5B67222416489F00A84F14 /* AppDelegate.h */ = {isa = PBXFileReference; lastKnownFileType = sourcecode.c.h; path = AppDelegate.h; sourceTree = "<group>"; };
		DE5B67232416489F00A84F14 /* AppDelegate.m */ = {isa = PBXFileReference; lastKnownFileType = sourcecode.c.objc; path = AppDelegate.m; sourceTree = "<group>"; };
		DE5B67252416489F00A84F14 /* SceneDelegate.h */ = {isa = PBXFileReference; lastKnownFileType = sourcecode.c.h; path = SceneDelegate.h; sourceTree = "<group>"; };
		DE5B67262416489F00A84F14 /* SceneDelegate.m */ = {isa = PBXFileReference; lastKnownFileType = sourcecode.c.objc; path = SceneDelegate.m; sourceTree = "<group>"; };
		DE5B67282416489F00A84F14 /* ViewController.h */ = {isa = PBXFileReference; lastKnownFileType = sourcecode.c.h; path = ViewController.h; sourceTree = "<group>"; };
		DE5B67292416489F00A84F14 /* ViewController.m */ = {isa = PBXFileReference; lastKnownFileType = sourcecode.c.objc; path = ViewController.m; sourceTree = "<group>"; };
		DE5B672C2416489F00A84F14 /* Base */ = {isa = PBXFileReference; lastKnownFileType = file.storyboard; name = Base; path = Base.lproj/Main.storyboard; sourceTree = "<group>"; };
		DE5B672E241648B000A84F14 /* Assets.xcassets */ = {isa = PBXFileReference; lastKnownFileType = folder.assetcatalog; path = Assets.xcassets; sourceTree = "<group>"; };
		DE5B6731241648B000A84F14 /* Base */ = {isa = PBXFileReference; lastKnownFileType = file.storyboard; name = Base; path = Base.lproj/LaunchScreen.storyboard; sourceTree = "<group>"; };
		DE5B6733241648B000A84F14 /* Info.plist */ = {isa = PBXFileReference; lastKnownFileType = text.plist.xml; path = Info.plist; sourceTree = "<group>"; };
		DE5B6734241648B000A84F14 /* main.m */ = {isa = PBXFileReference; lastKnownFileType = sourcecode.c.objc; path = main.m; sourceTree = "<group>"; };
/* End PBXFileReference section */

/* Begin PBXFrameworksBuildPhase section */
		DE5B671C2416489F00A84F14 /* Frameworks */ = {
			isa = PBXFrameworksBuildPhase;
			buildActionMask = 2147483647;
			files = (
			);
			runOnlyForDeploymentPostprocessing = 0;
		};
/* End PBXFrameworksBuildPhase section */

/* Begin PBXGroup section */
		DE5B67162416489F00A84F14 = {
			isa = PBXGroup;
			children = (
				DE5B67212416489F00A84F14 /* BallBounceAnimator */,
				DE5B67202416489F00A84F14 /* Products */,
			);
			sourceTree = "<group>";
		};
		DE5B67202416489F00A84F14 /* Products */ = {
			isa = PBXGroup;
			children = (
				DE5B671F2416489F00A84F14 /* BallBounceAnimator.app */,
			);
			name = Products;
			sourceTree = "<group>";
		};
		DE5B67212416489F00A84F14 /* BallBounceAnimator */ = {
			isa = PBXGroup;
			children = (
				DE5B67222416489F00A84F14 /* AppDelegate.h */,
				DE5B67232416489F00A84F14 /* AppDelegate.m */,
				DE5B67252416489F00A84F14 /* SceneDelegate.h */,
				DE5B67262416489F00A84F14 /* SceneDelegate.m */,
				DE5B67282416489F00A84F14 /* ViewController.h */,
				DE5B67292416489F00A84F14 /* ViewController.m */,
				DE5B672B2416489F00A84F14 /* Main.storyboard */,
				DE5B672E241648B000A84F14 /* Assets.xcassets */,
				DE5B6730241648B000A84F14 /* LaunchScreen.storyboard */,
				DE5B6733241648B000A84F14 /* Info.plist */,
				DE5B6734241648B000A84F14 /* main.m */,
			);
			path = BallBounceAnimator;
			sourceTree = "<group>";
		};
/* End PBXGroup section */

/* Begin PBXNativeTarget section */
		DE5B671E2416489F00A84F14 /* BallBounceAnimator */ = {
			isa = PBXNativeTarget;
			buildConfigurationList = DE5B6738241648B000A84F14 /* Build configuration list for PBXNativeTarget "BallBounceAnimator" */;
			buildPhases = (
				DE5B671B2416489F00A84F14 /* Sources */,
				DE5B671C2416489F00A84F14 /* Frameworks */,
				DE5B671D2416489F00A84F14 /* Resources */,
			);
			buildRules = (
			);
			dependencies = (
			);
			name = BallBounceAnimator;
			productName = BallBounceAnimator;
			productReference = DE5B671F2416489F00A84F14 /* BallBounceAnimator.app */;
			productType = "com.apple.product-type.application";
		};
/* End PBXNativeTarget section */

/* Begin PBXProject section */
		DE5B67172416489F00A84F14 /* Project object */ = {
			isa = PBXProject;
			attributes = {
				LastUpgradeCheck = 1130;
				ORGANIZATIONNAME = ITI;
				TargetAttributes = {
					DE5B671E2416489F00A84F14 = {
						CreatedOnToolsVersion = 11.3.1;
					};
				};
			};
			buildConfigurationList = DE5B671A2416489F00A84F14 /* Build configuration list for PBXProject "BallBounceAnimator" */;
			compatibilityVersion = "Xcode 9.3";
			developmentRegion = en;
			hasScannedForEncodings = 0;
			knownRegions = (
				en,
				Base,
			);
			mainGroup = DE5B67162416489F00A84F14;
			productRefGroup = DE5B67202416489F00A84F14 /* Products */;
			projectDirPath = "";
			projectRoot = "";
			targets = (
				DE5B671E2416489F00A84F14 /* BallBounceAnimator */,
			);
		};
/* End PBXProject section */

/* Begin PBXResourcesBuildPhase section */
		DE5B671D2416489F00A84F14 /* Resources */ = {
			isa = PBXResourcesBuildPhase;
			buildActionMask = 2147483647;
			files = (
				DE5B6732241648B000A84F14 /* LaunchScreen.storyboard in Resources */,
				DE5B672F241648B000A84F14 /* Assets.xcassets in Resources */,
				DE5B672D2416489F00A84F14 /* Main.storyboard in Resources */,
			);
			runOnlyForDeploymentPostprocessing = 0;
		};
/* End PBXResourcesBuildPhase section */

/* Begin PBXSourcesBuildPhase section */
		DE5B671B2416489F00A84F14 /* Sources */ = {
			isa = PBXSourcesBuildPhase;
			buildActionMask = 2147483647;
			files = (
				DE5B672A2416489F00A84F14 /* ViewController.m in Sources */,
				DE5B67242416489F00A84F14 /* AppDelegate.m in Sources */,
				DE5B6735241648B000A84F14 /* main.m in Sources */,
				DE5B67272416489F00A84F14 /* SceneDelegate.m in Sources */,
			);
			runOnlyForDeploymentPostprocessing = 0;
		};
/* End PBXSourcesBuildPhase section */

/* Begin PBXVariantGroup section */
		DE5B672B2416489F00A84F14 /* Main.storyboard */ = {
			isa = PBXVariantGroup;
			children = (
				DE5B672C2416489F00A84F14 /* Base */,
			);
			name = Main.storyboard;
			sourceTree = "<group>";
		};
		DE5B6730241648B000A84F14 /* LaunchScreen.storyboard */ = {
			isa = PBXVariantGroup;
			children = (
				DE5B6731241648B000A84F14 /* Base */,
			);
			name = LaunchScreen.storyboard;
			sourceTree = "<group>";
		};
/* End PBXVariantGroup section */

/* Begin XCBuildConfiguration section */
		DE5B6736241648B000A84F14 /* Debug */ = {
			isa = XCBuildConfiguration;
			buildSettings = {
				ALWAYS_SEARCH_USER_PATHS = NO;
				CLANG_ANALYZER_NONNULL = YES;
				CLANG_ANALYZER_NUMBER_OBJECT_CONVERSION = YES_AGGRESSIVE;
				CLANG_CXX_LANGUAGE_STANDARD = "gnu++14";
				CLANG_CXX_LIBRARY = "libc++";
				CLANG_ENABLE_MODULES = YES;
				CLANG_ENABLE_OBJC_ARC = YES;
				CLANG_ENABLE_OBJC_WEAK = YES;
				CLANG_WARN_BLOCK_CAPTURE_AUTORELEASING = YES;
				CLANG_WARN_BOOL_CONVERSION = YES;
				CLANG_WARN_COMMA = YES;
				CLANG_WARN_CONSTANT_CONVERSION = YES;
				CLANG_WARN_DEPRECATED_OBJC_IMPLEMENTATIONS = YES;
				CLANG_WARN_DIRECT_OBJC_ISA_USAGE = YES_ERROR;
				CLANG_WARN_DOCUMENTATION_COMMENTS = YES;
				CLANG_WARN_EMPTY_BODY = YES;
				CLANG_WARN_ENUM_CONVERSION = YES;
				CLANG_WARN_INFINITE_RECURSION = YES;
				CLANG_WARN_INT_CONVERSION = YES;
				CLANG_WARN_NON_LITERAL_NULL_CONVERSION = YES;
				CLANG_WARN_OBJC_IMPLICIT_RETAIN_SELF = YES;
				CLANG_WARN_OBJC_LITERAL_CONVERSION = YES;
				CLANG_WARN_OBJC_ROOT_CLASS = YES_ERROR;
				CLANG_WARN_RANGE_LOOP_ANALYSIS = YES;
				CLANG_WARN_STRICT_PROTOTYPES = YES;
				CLANG_WARN_SUSPICIOUS_MOVE = YES;
				CLANG_WARN_UNGUARDED_AVAILABILITY = YES_AGGRESSIVE;
				CLANG_WARN_UNREACHABLE_CODE = YES;
				CLANG_WARN__DUPLICATE_METHOD_MATCH = YES;
				COPY_PHASE_STRIP = NO;
				DEBUG_INFORMATION_FORMAT = dwarf;
				ENABLE_STRICT_OBJC_MSGSEND = YES;
				ENABLE_TESTABILITY = YES;
				GCC_C_LANGUAGE_STANDARD = gnu11;
				GCC_DYNAMIC_NO_PIC = NO;
				GCC_NO_COMMON_BLOCKS = YES;
				GCC_OPTIMIZATION_LEVEL = 0;
				GCC_PREPROCESSOR_DEFINITIONS = (
					"DEBUG=1",
					"$(inherited)",
				);
				GCC_WARN_64_TO_32_BIT_CONVERSION = YES;
				GCC_WARN_ABOUT_RETURN_TYPE = YES_ERROR;
				GCC_WARN_UNDECLARED_SELECTOR = YES;
				GCC_WARN_UNINITIALIZED_AUTOS = YES_AGGRESSIVE;
				GCC_WARN_UNUSED_FUNCTION = YES;
				GCC_WARN_UNUSED_VARIABLE = YES;
				IPHONEOS_DEPLOYMENT_TARGET = 13.2;
				MTL_ENABLE_DEBUG_INFO = INCLUDE_SOURCE;
				MTL_FAST_MATH = YES;
				ONLY_ACTIVE_ARCH = YES;
				SDKROOT = iphoneos;
			};
			name = Debug;
		};
		DE5B6737241648B000A84F14 /* Release */ = {
			isa = XCBuildConfiguration;
			buildSettings = {
				ALWAYS_SEARCH_USER_PATHS = NO;
				CLANG_ANALYZER_NONNULL = YES;
				CLANG_ANALYZER_NUMBER_OBJECT_CONVERSION = YES_AGGRESSIVE;
				CLANG_CXX_LANGUAGE_STANDARD = "gnu++14";
				CLANG_CXX_LIBRARY = "libc++";
				CLANG_ENABLE_MODULES = YES;
				CLANG_ENABLE_OBJC_ARC = YES;
				CLANG_ENABLE_OBJC_WEAK = YES;
				CLANG_WARN_BLOCK_CAPTURE_AUTORELEASING = YES;
				CLANG_WARN_BOOL_CONVERSION = YES;
				CLANG_WARN_COMMA = YES;
				CLANG_WARN_CONSTANT_CONVERSION = YES;
				CLANG_WARN_DEPRECATED_OBJC_IMPLEMENTATIONS = YES;
				CLANG_WARN_DIRECT_OBJC_ISA_USAGE = YES_ERROR;
				CLANG_WARN_DOCUMENTATION_COMMENTS = YES;
				CLANG_WARN_EMPTY_BODY = YES;
				CLANG_WARN_ENUM_CONVERSION = YES;
				CLANG_WARN_INFINITE_RECURSION = YES;
				CLANG_WARN_INT_CONVERSION = YES;
				CLANG_WARN_NON_LITERAL_NULL_CONVERSION = YES;
				CLANG_WARN_OBJC_IMPLICIT_RETAIN_SELF = YES;
				CLANG_WARN_OBJC_LITERAL_CONVERSION = YES;
				CLANG_WARN_OBJC_ROOT_CLASS = YES_ERROR;
				CLANG_WARN_RANGE_LOOP_ANALYSIS = YES;
				CLANG_WARN_STRICT_PROTOTYPES = YES;
				CLANG_WARN_SUSPICIOUS_MOVE = YES;
				CLANG_WARN_UNGUARDED_AVAILABILITY = YES_AGGRESSIVE;
				CLANG_WARN_UNREACHABLE_CODE = YES;
				CLANG_WARN__DUPLICATE_METHOD_MATCH = YES;
				COPY_PHASE_STRIP = NO;
				DEBUG_INFORMATION_FORMAT = "dwarf-with-dsym";
				ENABLE_NS_ASSERTIONS = NO;
				ENABLE_STRICT_OBJC_MSGSEND = YES;
				GCC_C_LANGUAGE_STANDARD = gnu11;
				GCC_NO_COMMON_BLOCKS = YES;
				GCC_WARN_64_TO_32_BIT_CONVERSION = YES;
				GCC_WARN_ABOUT_RETURN_TYPE = YES_ERROR;
				GCC_WARN_UNDECLARED_SELECTOR = YES;
				GCC_WARN_UNINITIALIZED_AUTOS = YES_AGGRESSIVE;
				GCC_WARN_UNUSED_FUNCTION = YES;
				GCC_WARN_UNUSED_VARIABLE = YES;
				IPHONEOS_DEPLOYMENT_TARGET = 13.2;
				MTL_ENABLE_DEBUG_INFO = NO;
				MTL_FAST_MATH = YES;
				SDKROOT = iphoneos;
				VALIDATE_PRODUCT = YES;
			};
			name = Release;
		};
		DE5B6739241648B000A84F14 /* Debug */ = {
			isa = XCBuildConfiguration;
			buildSettings = {
				ASSETCATALOG_COMPILER_APPICON_NAME = AppIcon;
				CODE_SIGN_STYLE = Automatic;
				DEVELOPMENT_TEAM = 4G79WD29XT;
				INFOPLIST_FILE = BallBounceAnimator/Info.plist;
				LD_RUNPATH_SEARCH_PATHS = (
					"$(inherited)",
					"@executable_path/Frameworks",
				);
				PRODUCT_BUNDLE_IDENTIFIER = Manar.BallBounceAnimator;
				PRODUCT_NAME = "$(TARGET_NAME)";
				TARGETED_DEVICE_FAMILY = "1,2";
			};
			name = Debug;
		};
		DE5B673A241648B000A84F14 /* Release */ = {
			isa = XCBuildConfiguration;
			buildSettings = {
				ASSETCATALOG_COMPILER_APPICON_NAME = AppIcon;
				CODE_SIGN_STYLE = Automatic;
				DEVELOPMENT_TEAM = 4G79WD29XT;
				INFOPLIST_FILE = BallBounceAnimator/Info.plist;
				LD_RUNPATH_SEARCH_PATHS = (
					"$(inherited)",
					"@executable_path/Frameworks",
				);
				PRODUCT_BUNDLE_IDENTIFIER = Manar.BallBounceAnimator;
				PRODUCT_NAME = "$(TARGET_NAME)";
				TARGETED_DEVICE_FAMILY = "1,2";
			};
			name = Release;
		};
/* End XCBuildConfiguration section */

/* Begin XCConfigurationList section */
		DE5B671A2416489F00A84F14 /* Build configuration list for PBXProject "BallBounceAnimator" */ = {
			isa = XCConfigurationList;
			buildConfigurations = (
				DE5B6736241648B000A84F14 /* Debug */,
				DE5B6737241648B000A84F14 /* Release */,
			);
			defaultConfigurationIsVisible = 0;
			defaultConfigurationName = Release;
		};
		DE5B6738241648B000A84F14 /* Build configuration list for PBXNativeTarget "BallBounceAnimator" */ = {
			isa = XCConfigurationList;
			buildConfigurations = (
				DE5B6739241648B000A84F14 /* Debug */,
				DE5B673A241648B000A84F14 /* Release */,
			);
			defaultConfigurationIsVisible = 0;
			defaultConfigurationName = Release;
		};
/* End XCConfigurationList section */
	};
	rootObject = DE5B67172416489F00A84F14 /* Project object */;
}
