// !$*UTF8*$!
{
	archiveVersion = 1;
	classes = {
	};
	objectVersion = 50;
	objects = {

/* Begin PBXBuildFile section */
		DEB38AF42418D0BE002EFFED /* AppDelegate.m in Sources */ = {isa = PBXBuildFile; fileRef = DEB38AF32418D0BE002EFFED /* AppDelegate.m */; };
		DEB38AF72418D0BE002EFFED /* SceneDelegate.m in Sources */ = {isa = PBXBuildFile; fileRef = DEB38AF62418D0BE002EFFED /* SceneDelegate.m */; };
		DEB38AFA2418D0BE002EFFED /* ViewController.m in Sources */ = {isa = PBXBuildFile; fileRef = DEB38AF92418D0BE002EFFED /* ViewController.m */; };
		DEB38AFD2418D0BE002EFFED /* Main.storyboard in Resources */ = {isa = PBXBuildFile; fileRef = DEB38AFB2418D0BE002EFFED /* Main.storyboard */; };
		DEB38AFF2418D0C0002EFFED /* Assets.xcassets in Resources */ = {isa = PBXBuildFile; fileRef = DEB38AFE2418D0C0002EFFED /* Assets.xcassets */; };
		DEB38B022418D0C0002EFFED /* LaunchScreen.storyboard in Resources */ = {isa = PBXBuildFile; fileRef = DEB38B002418D0C0002EFFED /* LaunchScreen.storyboard */; };
		DEB38B052418D0C0002EFFED /* main.m in Sources */ = {isa = PBXBuildFile; fileRef = DEB38B042418D0C0002EFFED /* main.m */; };
/* End PBXBuildFile section */

/* Begin PBXFileReference section */
		DEB38AEF2418D0BE002EFFED /* SynchAndAsynch.app */ = {isa = PBXFileReference; explicitFileType = wrapper.application; includeInIndex = 0; path = SynchAndAsynch.app; sourceTree = BUILT_PRODUCTS_DIR; };
		DEB38AF22418D0BE002EFFED /* AppDelegate.h */ = {isa = PBXFileReference; lastKnownFileType = sourcecode.c.h; path = AppDelegate.h; sourceTree = "<group>"; };
		DEB38AF32418D0BE002EFFED /* AppDelegate.m */ = {isa = PBXFileReference; lastKnownFileType = sourcecode.c.objc; path = AppDelegate.m; sourceTree = "<group>"; };
		DEB38AF52418D0BE002EFFED /* SceneDelegate.h */ = {isa = PBXFileReference; lastKnownFileType = sourcecode.c.h; path = SceneDelegate.h; sourceTree = "<group>"; };
		DEB38AF62418D0BE002EFFED /* SceneDelegate.m */ = {isa = PBXFileReference; lastKnownFileType = sourcecode.c.objc; path = SceneDelegate.m; sourceTree = "<group>"; };
		DEB38AF82418D0BE002EFFED /* ViewController.h */ = {isa = PBXFileReference; lastKnownFileType = sourcecode.c.h; path = ViewController.h; sourceTree = "<group>"; };
		DEB38AF92418D0BE002EFFED /* ViewController.m */ = {isa = PBXFileReference; lastKnownFileType = sourcecode.c.objc; path = ViewController.m; sourceTree = "<group>"; };
		DEB38AFC2418D0BE002EFFED /* Base */ = {isa = PBXFileReference; lastKnownFileType = file.storyboard; name = Base; path = Base.lproj/Main.storyboard; sourceTree = "<group>"; };
		DEB38AFE2418D0C0002EFFED /* Assets.xcassets */ = {isa = PBXFileReference; lastKnownFileType = folder.assetcatalog; path = Assets.xcassets; sourceTree = "<group>"; };
		DEB38B012418D0C0002EFFED /* Base */ = {isa = PBXFileReference; lastKnownFileType = file.storyboard; name = Base; path = Base.lproj/LaunchScreen.storyboard; sourceTree = "<group>"; };
		DEB38B032418D0C0002EFFED /* Info.plist */ = {isa = PBXFileReference; lastKnownFileType = text.plist.xml; path = Info.plist; sourceTree = "<group>"; };
		DEB38B042418D0C0002EFFED /* main.m */ = {isa = PBXFileReference; lastKnownFileType = sourcecode.c.objc; path = main.m; sourceTree = "<group>"; };
/* End PBXFileReference section */

/* Begin PBXFrameworksBuildPhase section */
		DEB38AEC2418D0BD002EFFED /* Frameworks */ = {
			isa = PBXFrameworksBuildPhase;
			buildActionMask = 2147483647;
			files = (
			);
			runOnlyForDeploymentPostprocessing = 0;
		};
/* End PBXFrameworksBuildPhase section */

/* Begin PBXGroup section */
		DEB38AE62418D0BD002EFFED = {
			isa = PBXGroup;
			children = (
				DEB38AF12418D0BE002EFFED /* SynchAndAsynch */,
				DEB38AF02418D0BE002EFFED /* Products */,
			);
			sourceTree = "<group>";
		};
		DEB38AF02418D0BE002EFFED /* Products */ = {
			isa = PBXGroup;
			children = (
				DEB38AEF2418D0BE002EFFED /* SynchAndAsynch.app */,
			);
			name = Products;
			sourceTree = "<group>";
		};
		DEB38AF12418D0BE002EFFED /* SynchAndAsynch */ = {
			isa = PBXGroup;
			children = (
				DEB38AF22418D0BE002EFFED /* AppDelegate.h */,
				DEB38AF32418D0BE002EFFED /* AppDelegate.m */,
				DEB38AF52418D0BE002EFFED /* SceneDelegate.h */,
				DEB38AF62418D0BE002EFFED /* SceneDelegate.m */,
				DEB38AF82418D0BE002EFFED /* ViewController.h */,
				DEB38AF92418D0BE002EFFED /* ViewController.m */,
				DEB38AFB2418D0BE002EFFED /* Main.storyboard */,
				DEB38AFE2418D0C0002EFFED /* Assets.xcassets */,
				DEB38B002418D0C0002EFFED /* LaunchScreen.storyboard */,
				DEB38B032418D0C0002EFFED /* Info.plist */,
				DEB38B042418D0C0002EFFED /* main.m */,
			);
			path = SynchAndAsynch;
			sourceTree = "<group>";
		};
/* End PBXGroup section */

/* Begin PBXNativeTarget section */
		DEB38AEE2418D0BD002EFFED /* SynchAndAsynch */ = {
			isa = PBXNativeTarget;
			buildConfigurationList = DEB38B082418D0C0002EFFED /* Build configuration list for PBXNativeTarget "SynchAndAsynch" */;
			buildPhases = (
				DEB38AEB2418D0BD002EFFED /* Sources */,
				DEB38AEC2418D0BD002EFFED /* Frameworks */,
				DEB38AED2418D0BD002EFFED /* Resources */,
			);
			buildRules = (
			);
			dependencies = (
			);
			name = SynchAndAsynch;
			productName = SynchAndAsynch;
			productReference = DEB38AEF2418D0BE002EFFED /* SynchAndAsynch.app */;
			productType = "com.apple.product-type.application";
		};
/* End PBXNativeTarget section */

/* Begin PBXProject section */
		DEB38AE72418D0BD002EFFED /* Project object */ = {
			isa = PBXProject;
			attributes = {
				LastUpgradeCheck = 1130;
				ORGANIZATIONNAME = ITI;
				TargetAttributes = {
					DEB38AEE2418D0BD002EFFED = {
						CreatedOnToolsVersion = 11.3.1;
					};
				};
			};
			buildConfigurationList = DEB38AEA2418D0BD002EFFED /* Build configuration list for PBXProject "SynchAndAsynch" */;
			compatibilityVersion = "Xcode 9.3";
			developmentRegion = en;
			hasScannedForEncodings = 0;
			knownRegions = (
				en,
				Base,
			);
			mainGroup = DEB38AE62418D0BD002EFFED;
			productRefGroup = DEB38AF02418D0BE002EFFED /* Products */;
			projectDirPath = "";
			projectRoot = "";
			targets = (
				DEB38AEE2418D0BD002EFFED /* SynchAndAsynch */,
			);
		};
/* End PBXProject section */

/* Begin PBXResourcesBuildPhase section */
		DEB38AED2418D0BD002EFFED /* Resources */ = {
			isa = PBXResourcesBuildPhase;
			buildActionMask = 2147483647;
			files = (
				DEB38B022418D0C0002EFFED /* LaunchScreen.storyboard in Resources */,
				DEB38AFF2418D0C0002EFFED /* Assets.xcassets in Resources */,
				DEB38AFD2418D0BE002EFFED /* Main.storyboard in Resources */,
			);
			runOnlyForDeploymentPostprocessing = 0;
		};
/* End PBXResourcesBuildPhase section */

/* Begin PBXSourcesBuildPhase section */
		DEB38AEB2418D0BD002EFFED /* Sources */ = {
			isa = PBXSourcesBuildPhase;
			buildActionMask = 2147483647;
			files = (
				DEB38AFA2418D0BE002EFFED /* ViewController.m in Sources */,
				DEB38AF42418D0BE002EFFED /* AppDelegate.m in Sources */,
				DEB38B052418D0C0002EFFED /* main.m in Sources */,
				DEB38AF72418D0BE002EFFED /* SceneDelegate.m in Sources */,
			);
			runOnlyForDeploymentPostprocessing = 0;
		};
/* End PBXSourcesBuildPhase section */

/* Begin PBXVariantGroup section */
		DEB38AFB2418D0BE002EFFED /* Main.storyboard */ = {
			isa = PBXVariantGroup;
			children = (
				DEB38AFC2418D0BE002EFFED /* Base */,
			);
			name = Main.storyboard;
			sourceTree = "<group>";
		};
		DEB38B002418D0C0002EFFED /* LaunchScreen.storyboard */ = {
			isa = PBXVariantGroup;
			children = (
				DEB38B012418D0C0002EFFED /* Base */,
			);
			name = LaunchScreen.storyboard;
			sourceTree = "<group>";
		};
/* End PBXVariantGroup section */

/* Begin XCBuildConfiguration section */
		DEB38B062418D0C0002EFFED /* Debug */ = {
			isa = XCBuildConfiguration;
			buildSettings = {
				ALWAYS_SEARCH_USER_PATHS = NO;
				CLANG_ANALYZER_NONNULL = YES;
				CLANG_ANALYZER_NUMBER_OBJECT_CONVERSION = YES_AGGRESSIVE;
				CLANG_CXX_LANGUAGE_STANDARD = "gnu++14";
				CLANG_CXX_LIBRARY = "libc++";
				CLANG_ENABLE_MODULES = YES;
				CLANG_ENABLE_OBJC_ARC = YES;
				CLANG_ENABLE_OBJC_WEAK = YES;
				CLANG_WARN_BLOCK_CAPTURE_AUTORELEASING = YES;
				CLANG_WARN_BOOL_CONVERSION = YES;
				CLANG_WARN_COMMA = YES;
				CLANG_WARN_CONSTANT_CONVERSION = YES;
				CLANG_WARN_DEPRECATED_OBJC_IMPLEMENTATIONS = YES;
				CLANG_WARN_DIRECT_OBJC_ISA_USAGE = YES_ERROR;
				CLANG_WARN_DOCUMENTATION_COMMENTS = YES;
				CLANG_WARN_EMPTY_BODY = YES;
				CLANG_WARN_ENUM_CONVERSION = YES;
				CLANG_WARN_INFINITE_RECURSION = YES;
				CLANG_WARN_INT_CONVERSION = YES;
				CLANG_WARN_NON_LITERAL_NULL_CONVERSION = YES;
				CLANG_WARN_OBJC_IMPLICIT_RETAIN_SELF = YES;
				CLANG_WARN_OBJC_LITERAL_CONVERSION = YES;
				CLANG_WARN_OBJC_ROOT_CLASS = YES_ERROR;
				CLANG_WARN_RANGE_LOOP_ANALYSIS = YES;
				CLANG_WARN_STRICT_PROTOTYPES = YES;
				CLANG_WARN_SUSPICIOUS_MOVE = YES;
				CLANG_WARN_UNGUARDED_AVAILABILITY = YES_AGGRESSIVE;
				CLANG_WARN_UNREACHABLE_CODE = YES;
				CLANG_WARN__DUPLICATE_METHOD_MATCH = YES;
				COPY_PHASE_STRIP = NO;
				DEBUG_INFORMATION_FORMAT = dwarf;
				ENABLE_STRICT_OBJC_MSGSEND = YES;
				ENABLE_TESTABILITY = YES;
				GCC_C_LANGUAGE_STANDARD = gnu11;
				GCC_DYNAMIC_NO_PIC = NO;
				GCC_NO_COMMON_BLOCKS = YES;
				GCC_OPTIMIZATION_LEVEL = 0;
				GCC_PREPROCESSOR_DEFINITIONS = (
					"DEBUG=1",
					"$(inherited)",
				);
				GCC_WARN_64_TO_32_BIT_CONVERSION = YES;
				GCC_WARN_ABOUT_RETURN_TYPE = YES_ERROR;
				GCC_WARN_UNDECLARED_SELECTOR = YES;
				GCC_WARN_UNINITIALIZED_AUTOS = YES_AGGRESSIVE;
				GCC_WARN_UNUSED_FUNCTION = YES;
				GCC_WARN_UNUSED_VARIABLE = YES;
				IPHONEOS_DEPLOYMENT_TARGET = 13.2;
				MTL_ENABLE_DEBUG_INFO = INCLUDE_SOURCE;
				MTL_FAST_MATH = YES;
				ONLY_ACTIVE_ARCH = YES;
				SDKROOT = iphoneos;
			};
			name = Debug;
		};
		DEB38B072418D0C0002EFFED /* Release */ = {
			isa = XCBuildConfiguration;
			buildSettings = {
				ALWAYS_SEARCH_USER_PATHS = NO;
				CLANG_ANALYZER_NONNULL = YES;
				CLANG_ANALYZER_NUMBER_OBJECT_CONVERSION = YES_AGGRESSIVE;
				CLANG_CXX_LANGUAGE_STANDARD = "gnu++14";
				CLANG_CXX_LIBRARY = "libc++";
				CLANG_ENABLE_MODULES = YES;
				CLANG_ENABLE_OBJC_ARC = YES;
				CLANG_ENABLE_OBJC_WEAK = YES;
				CLANG_WARN_BLOCK_CAPTURE_AUTORELEASING = YES;
				CLANG_WARN_BOOL_CONVERSION = YES;
				CLANG_WARN_COMMA = YES;
				CLANG_WARN_CONSTANT_CONVERSION = YES;
				CLANG_WARN_DEPRECATED_OBJC_IMPLEMENTATIONS = YES;
				CLANG_WARN_DIRECT_OBJC_ISA_USAGE = YES_ERROR;
				CLANG_WARN_DOCUMENTATION_COMMENTS = YES;
				CLANG_WARN_EMPTY_BODY = YES;
				CLANG_WARN_ENUM_CONVERSION = YES;
				CLANG_WARN_INFINITE_RECURSION = YES;
				CLANG_WARN_INT_CONVERSION = YES;
				CLANG_WARN_NON_LITERAL_NULL_CONVERSION = YES;
				CLANG_WARN_OBJC_IMPLICIT_RETAIN_SELF = YES;
				CLANG_WARN_OBJC_LITERAL_CONVERSION = YES;
				CLANG_WARN_OBJC_ROOT_CLASS = YES_ERROR;
				CLANG_WARN_RANGE_LOOP_ANALYSIS = YES;
				CLANG_WARN_STRICT_PROTOTYPES = YES;
				CLANG_WARN_SUSPICIOUS_MOVE = YES;
				CLANG_WARN_UNGUARDED_AVAILABILITY = YES_AGGRESSIVE;
				CLANG_WARN_UNREACHABLE_CODE = YES;
				CLANG_WARN__DUPLICATE_METHOD_MATCH = YES;
				COPY_PHASE_STRIP = NO;
				DEBUG_INFORMATION_FORMAT = "dwarf-with-dsym";
				ENABLE_NS_ASSERTIONS = NO;
				ENABLE_STRICT_OBJC_MSGSEND = YES;
				GCC_C_LANGUAGE_STANDARD = gnu11;
				GCC_NO_COMMON_BLOCKS = YES;
				GCC_WARN_64_TO_32_BIT_CONVERSION = YES;
				GCC_WARN_ABOUT_RETURN_TYPE = YES_ERROR;
				GCC_WARN_UNDECLARED_SELECTOR = YES;
				GCC_WARN_UNINITIALIZED_AUTOS = YES_AGGRESSIVE;
				GCC_WARN_UNUSED_FUNCTION = YES;
				GCC_WARN_UNUSED_VARIABLE = YES;
				IPHONEOS_DEPLOYMENT_TARGET = 13.2;
				MTL_ENABLE_DEBUG_INFO = NO;
				MTL_FAST_MATH = YES;
				SDKROOT = iphoneos;
				VALIDATE_PRODUCT = YES;
			};
			name = Release;
		};
		DEB38B092418D0C0002EFFED /* Debug */ = {
			isa = XCBuildConfiguration;
			buildSettings = {
				ASSETCATALOG_COMPILER_APPICON_NAME = AppIcon;
				CODE_SIGN_STYLE = Automatic;
				DEVELOPMENT_TEAM = 4G79WD29XT;
				INFOPLIST_FILE = SynchAndAsynch/Info.plist;
				LD_RUNPATH_SEARCH_PATHS = (
					"$(inherited)",
					"@executable_path/Frameworks",
				);
				PRODUCT_BUNDLE_IDENTIFIER = Manar.SynchAndAsynch;
				PRODUCT_NAME = "$(TARGET_NAME)";
				TARGETED_DEVICE_FAMILY = "1,2";
			};
			name = Debug;
		};
		DEB38B0A2418D0C0002EFFED /* Release */ = {
			isa = XCBuildConfiguration;
			buildSettings = {
				ASSETCATALOG_COMPILER_APPICON_NAME = AppIcon;
				CODE_SIGN_STYLE = Automatic;
				DEVELOPMENT_TEAM = 4G79WD29XT;
				INFOPLIST_FILE = SynchAndAsynch/Info.plist;
				LD_RUNPATH_SEARCH_PATHS = (
					"$(inherited)",
					"@executable_path/Frameworks",
				);
				PRODUCT_BUNDLE_IDENTIFIER = Manar.SynchAndAsynch;
				PRODUCT_NAME = "$(TARGET_NAME)";
				TARGETED_DEVICE_FAMILY = "1,2";
			};
			name = Release;
		};
/* End XCBuildConfiguration section */

/* Begin XCConfigurationList section */
		DEB38AEA2418D0BD002EFFED /* Build configuration list for PBXProject "SynchAndAsynch" */ = {
			isa = XCConfigurationList;
			buildConfigurations = (
				DEB38B062418D0C0002EFFED /* Debug */,
				DEB38B072418D0C0002EFFED /* Release */,
			);
			defaultConfigurationIsVisible = 0;
			defaultConfigurationName = Release;
		};
		DEB38B082418D0C0002EFFED /* Build configuration list for PBXNativeTarget "SynchAndAsynch" */ = {
			isa = XCConfigurationList;
			buildConfigurations = (
				DEB38B092418D0C0002EFFED /* Debug */,
				DEB38B0A2418D0C0002EFFED /* Release */,
			);
			defaultConfigurationIsVisible = 0;
			defaultConfigurationName = Release;
		};
/* End XCConfigurationList section */
	};
	rootObject = DEB38AE72418D0BD002EFFED /* Project object */;
}
